
Microsoft Visual Studio Solution File, Format Version 12.00
# Visual Studio Version 17
VisualStudioVersion = 17.4.33213.308
MinimumVisualStudioVersion = 10.0.40219.1
Project("{FAE04EC0-301F-11D3-BF4B-00C04F79EFBC}") = "TP1", "TP1\TP1.csproj", "{A53199E7-B8BC-4FC7-A0FD-B8DCF31ABF26}"
EndProject
Project("{FAE04EC0-301F-11D3-BF4B-00C04F79EFBC}") = "Controlador", "Controlador\Controlador.csproj", "{97071D52-05B3-4FEC-9D69-9A6E11579143}"
EndProject
Global
	GlobalSection(SolutionConfigurationPlatforms) = preSolution
		Debug|Any CPU = Debug|Any CPU
		Release|Any CPU = Release|Any CPU
	EndGlobalSection
	GlobalSection(ProjectConfigurationPlatforms) = postSolution
		{A53199E7-B8BC-4FC7-A0FD-B8DCF31ABF26}.Debug|Any CPU.ActiveCfg = Debug|Any CPU
		{A53199E7-B8BC-4FC7-A0FD-B8DCF31ABF26}.Debug|Any CPU.Build.0 = Debug|Any CPU
		{A53199E7-B8BC-4FC7-A0FD-B8DCF31ABF26}.Release|Any CPU.ActiveCfg = Release|Any CPU
		{A53199E7-B8BC-4FC7-A0FD-B8DCF31ABF26}.Release|Any CPU.Build.0 = Release|Any CPU
		{97071D52-05B3-4FEC-9D69-9A6E11579143}.Debug|Any CPU.ActiveCfg = Debug|Any CPU
		{97071D52-05B3-4FEC-9D69-9A6E11579143}.Debug|Any CPU.Build.0 = Debug|Any CPU
		{97071D52-05B3-4FEC-9D69-9A6E11579143}.Release|Any CPU.ActiveCfg = Release|Any CPU
		{97071D52-05B3-4FEC-9D69-9A6E11579143}.Release|Any CPU.Build.0 = Release|Any CPU
	EndGlobalSection
	GlobalSection(SolutionProperties) = preSolution
		HideSolutionNode = FALSE
	EndGlobalSection
	GlobalSection(ExtensibilityGlobals) = postSolution
		SolutionGuid = {47CC4D80-B997-4550-A56A-3686CB021BC6}
	EndGlobalSection
EndGlobal
